// !$*UTF8*$!
{
	archiveVersion = 1;
	classes = {
	};
	objectVersion = 77;
	objects = {

/* Begin PBXBuildFile section */
		1D5DC9392E8362F60032BC3E /* ChessKitEngine in Frameworks */ = {isa = PBXBuildFile; productRef = 1D5DC9382E8362F60032BC3E /* ChessKitEngine */; };
		1DB4A39B2E78983C008BBB44 /* ChessboardKit in Frameworks */ = {isa = PBXBuildFile; productRef = 1DB4A39A2E78983C008BBB44 /* ChessboardKit */; };
/* End PBXBuildFile section */

/* Begin PBXContainerItemProxy section */
		1D11BAD82E6A31F700B28485 /* PBXContainerItemProxy */ = {
			isa = PBXContainerItemProxy;
			containerPortal = 1D11BAC22E6A31F600B28485 /* Project object */;
			proxyType = 1;
			remoteGlobalIDString = 1D11BAC92E6A31F600B28485;
			remoteInfo = VoiceChess;
		};
		1D11BAE22E6A31F700B28485 /* PBXContainerItemProxy */ = {
			isa = PBXContainerItemProxy;
			containerPortal = 1D11BAC22E6A31F600B28485 /* Project object */;
			proxyType = 1;
			remoteGlobalIDString = 1D11BAC92E6A31F600B28485;
			remoteInfo = VoiceChess;
		};
/* End PBXContainerItemProxy section */

/* Begin PBXFileReference section */
		1D11BACA2E6A31F600B28485 /* VoiceChess.app */ = {isa = PBXFileReference; explicitFileType = wrapper.application; includeInIndex = 0; path = VoiceChess.app; sourceTree = BUILT_PRODUCTS_DIR; };
		1D11BAD72E6A31F700B28485 /* VoiceChessTests.xctest */ = {isa = PBXFileReference; explicitFileType = wrapper.cfbundle; includeInIndex = 0; path = VoiceChessTests.xctest; sourceTree = BUILT_PRODUCTS_DIR; };
		1D11BAE12E6A31F700B28485 /* VoiceChessUITests.xctest */ = {isa = PBXFileReference; explicitFileType = wrapper.cfbundle; includeInIndex = 0; path = VoiceChessUITests.xctest; sourceTree = BUILT_PRODUCTS_DIR; };
/* End PBXFileReference section */

/* Begin PBXFileSystemSynchronizedRootGroup section */
		1D11BACC2E6A31F600B28485 /* VoiceChess */ = {
			isa = PBXFileSystemSynchronizedRootGroup;
			path = VoiceChess;
			sourceTree = "<group>";
		};
		1D11BADA2E6A31F700B28485 /* VoiceChessTests */ = {
			isa = PBXFileSystemSynchronizedRootGroup;
			path = VoiceChessTests;
			sourceTree = "<group>";
		};
		1D11BAE42E6A31F700B28485 /* VoiceChessUITests */ = {
			isa = PBXFileSystemSynchronizedRootGroup;
			path = VoiceChessUITests;
			sourceTree = "<group>";
		};
/* End PBXFileSystemSynchronizedRootGroup section */

/* Begin PBXFrameworksBuildPhase section */
		1D11BAC72E6A31F600B28485 /* Frameworks */ = {
			isa = PBXFrameworksBuildPhase;
			buildActionMask = 2147483647;
			files = (
				1D5DC9392E8362F60032BC3E /* ChessKitEngine in Frameworks */,
				1DB4A39B2E78983C008BBB44 /* ChessboardKit in Frameworks */,
			);
			runOnlyForDeploymentPostprocessing = 0;
		};
		1D11BAD42E6A31F700B28485 /* Frameworks */ = {
			isa = PBXFrameworksBuildPhase;
			buildActionMask = 2147483647;
			files = (
			);
			runOnlyForDeploymentPostprocessing = 0;
		};
		1D11BADE2E6A31F700B28485 /* Frameworks */ = {
			isa = PBXFrameworksBuildPhase;
			buildActionMask = 2147483647;
			files = (
			);
			runOnlyForDeploymentPostprocessing = 0;
		};
/* End PBXFrameworksBuildPhase section */

/* Begin PBXGroup section */
		1D11BAC12E6A31F600B28485 = {
			isa = PBXGroup;
			children = (
				1D11BACC2E6A31F600B28485 /* VoiceChess */,
				1D11BADA2E6A31F700B28485 /* VoiceChessTests */,
				1D11BAE42E6A31F700B28485 /* VoiceChessUITests */,
				1D11BB102E6A381300B28485 /* Frameworks */,
				1D11BACB2E6A31F600B28485 /* Products */,
			);
			sourceTree = "<group>";
		};
		1D11BACB2E6A31F600B28485 /* Products */ = {
			isa = PBXGroup;
			children = (
				1D11BACA2E6A31F600B28485 /* VoiceChess.app */,
				1D11BAD72E6A31F700B28485 /* VoiceChessTests.xctest */,
				1D11BAE12E6A31F700B28485 /* VoiceChessUITests.xctest */,
			);
			name = Products;
			sourceTree = "<group>";
		};
		1D11BB102E6A381300B28485 /* Frameworks */ = {
			isa = PBXGroup;
			children = (
			);
			name = Frameworks;
			sourceTree = "<group>";
		};
/* End PBXGroup section */

/* Begin PBXNativeTarget section */
		1D11BAC92E6A31F600B28485 /* VoiceChess */ = {
			isa = PBXNativeTarget;
			buildConfigurationList = 1D11BAEB2E6A31F700B28485 /* Build configuration list for PBXNativeTarget "VoiceChess" */;
			buildPhases = (
				1D11BAC62E6A31F600B28485 /* Sources */,
				1D11BAC72E6A31F600B28485 /* Frameworks */,
				1D11BAC82E6A31F600B28485 /* Resources */,
			);
			buildRules = (
			);
			dependencies = (
			);
			fileSystemSynchronizedGroups = (
				1D11BACC2E6A31F600B28485 /* VoiceChess */,
			);
			name = VoiceChess;
			packageProductDependencies = (
				1DB4A39A2E78983C008BBB44 /* ChessboardKit */,
				1D5DC9382E8362F60032BC3E /* ChessKitEngine */,
			);
			productName = VoiceChess;
			productReference = 1D11BACA2E6A31F600B28485 /* VoiceChess.app */;
			productType = "com.apple.product-type.application";
		};
		1D11BAD62E6A31F700B28485 /* VoiceChessTests */ = {
			isa = PBXNativeTarget;
			buildConfigurationList = 1D11BAEE2E6A31F700B28485 /* Build configuration list for PBXNativeTarget "VoiceChessTests" */;
			buildPhases = (
				1D11BAD32E6A31F700B28485 /* Sources */,
				1D11BAD42E6A31F700B28485 /* Frameworks */,
				1D11BAD52E6A31F700B28485 /* Resources */,
			);
			buildRules = (
			);
			dependencies = (
				1D11BAD92E6A31F700B28485 /* PBXTargetDependency */,
			);
			fileSystemSynchronizedGroups = (
				1D11BADA2E6A31F700B28485 /* VoiceChessTests */,
			);
			name = VoiceChessTests;
			packageProductDependencies = (
			);
			productName = VoiceChessTests;
			productReference = 1D11BAD72E6A31F700B28485 /* VoiceChessTests.xctest */;
			productType = "com.apple.product-type.bundle.unit-test";
		};
		1D11BAE02E6A31F700B28485 /* VoiceChessUITests */ = {
			isa = PBXNativeTarget;
			buildConfigurationList = 1D11BAF12E6A31F700B28485 /* Build configuration list for PBXNativeTarget "VoiceChessUITests" */;
			buildPhases = (
				1D11BADD2E6A31F700B28485 /* Sources */,
				1D11BADE2E6A31F700B28485 /* Frameworks */,
				1D11BADF2E6A31F700B28485 /* Resources */,
			);
			buildRules = (
			);
			dependencies = (
				1D11BAE32E6A31F700B28485 /* PBXTargetDependency */,
			);
			fileSystemSynchronizedGroups = (
				1D11BAE42E6A31F700B28485 /* VoiceChessUITests */,
			);
			name = VoiceChessUITests;
			packageProductDependencies = (
			);
			productName = VoiceChessUITests;
			productReference = 1D11BAE12E6A31F700B28485 /* VoiceChessUITests.xctest */;
			productType = "com.apple.product-type.bundle.ui-testing";
		};
/* End PBXNativeTarget section */

/* Begin PBXProject section */
		1D11BAC22E6A31F600B28485 /* Project object */ = {
			isa = PBXProject;
			attributes = {
				BuildIndependentTargetsInParallel = 1;
				LastSwiftUpdateCheck = 1640;
				LastUpgradeCheck = 2600;
				TargetAttributes = {
					1D11BAC92E6A31F600B28485 = {
						CreatedOnToolsVersion = 16.4;
					};
					1D11BAD62E6A31F700B28485 = {
						CreatedOnToolsVersion = 16.4;
						TestTargetID = 1D11BAC92E6A31F600B28485;
					};
					1D11BAE02E6A31F700B28485 = {
						CreatedOnToolsVersion = 16.4;
						TestTargetID = 1D11BAC92E6A31F600B28485;
					};
				};
			};
			buildConfigurationList = 1D11BAC52E6A31F600B28485 /* Build configuration list for PBXProject "VoiceChess" */;
			developmentRegion = en;
			hasScannedForEncodings = 0;
			knownRegions = (
				en,
				Base,
			);
			mainGroup = 1D11BAC12E6A31F600B28485;
			minimizedProjectReferenceProxies = 1;
			packageReferences = (
				1DB4A3992E789836008BBB44 /* XCRemoteSwiftPackageReference "ChessboardKit" */,
				1D5DC9372E8362E70032BC3E /* XCRemoteSwiftPackageReference "chesskit-engine" */,
			);
			preferredProjectObjectVersion = 77;
			productRefGroup = 1D11BACB2E6A31F600B28485 /* Products */;
			projectDirPath = "";
			projectRoot = "";
			targets = (
				1D11BAC92E6A31F600B28485 /* VoiceChess */,
				1D11BAD62E6A31F700B28485 /* VoiceChessTests */,
				1D11BAE02E6A31F700B28485 /* VoiceChessUITests */,
			);
		};
/* End PBXProject section */

/* Begin PBXResourcesBuildPhase section */
		1D11BAC82E6A31F600B28485 /* Resources */ = {
			isa = PBXResourcesBuildPhase;
			buildActionMask = 2147483647;
			files = (
			);
			runOnlyForDeploymentPostprocessing = 0;
		};
		1D11BAD52E6A31F700B28485 /* Resources */ = {
			isa = PBXResourcesBuildPhase;
			buildActionMask = 2147483647;
			files = (
			);
			runOnlyForDeploymentPostprocessing = 0;
		};
		1D11BADF2E6A31F700B28485 /* Resources */ = {
			isa = PBXResourcesBuildPhase;
			buildActionMask = 2147483647;
			files = (
			);
			runOnlyForDeploymentPostprocessing = 0;
		};
/* End PBXResourcesBuildPhase section */

/* Begin PBXSourcesBuildPhase section */
		1D11BAC62E6A31F600B28485 /* Sources */ = {
			isa = PBXSourcesBuildPhase;
			buildActionMask = 2147483647;
			files = (
			);
			runOnlyForDeploymentPostprocessing = 0;
		};
		1D11BAD32E6A31F700B28485 /* Sources */ = {
			isa = PBXSourcesBuildPhase;
			buildActionMask = 2147483647;
			files = (
			);
			runOnlyForDeploymentPostprocessing = 0;
		};
		1D11BADD2E6A31F700B28485 /* Sources */ = {
			isa = PBXSourcesBuildPhase;
			buildActionMask = 2147483647;
			files = (
			);
			runOnlyForDeploymentPostprocessing = 0;
		};
/* End PBXSourcesBuildPhase section */

/* Begin PBXTargetDependency section */
		1D11BAD92E6A31F700B28485 /* PBXTargetDependency */ = {
			isa = PBXTargetDependency;
			target = 1D11BAC92E6A31F600B28485 /* VoiceChess */;
			targetProxy = 1D11BAD82E6A31F700B28485 /* PBXContainerItemProxy */;
		};
		1D11BAE32E6A31F700B28485 /* PBXTargetDependency */ = {
			isa = PBXTargetDependency;
			target = 1D11BAC92E6A31F600B28485 /* VoiceChess */;
			targetProxy = 1D11BAE22E6A31F700B28485 /* PBXContainerItemProxy */;
		};
/* End PBXTargetDependency section */

/* Begin XCBuildConfiguration section */
		1D11BAE92E6A31F700B28485 /* Debug */ = {
			isa = XCBuildConfiguration;
			buildSettings = {
				ALWAYS_SEARCH_USER_PATHS = NO;
				ASSETCATALOG_COMPILER_GENERATE_SWIFT_ASSET_SYMBOL_EXTENSIONS = YES;
				CLANG_ANALYZER_NONNULL = YES;
				CLANG_ANALYZER_NUMBER_OBJECT_CONVERSION = YES_AGGRESSIVE;
				CLANG_CXX_LANGUAGE_STANDARD = "gnu++20";
				CLANG_ENABLE_MODULES = YES;
				CLANG_ENABLE_OBJC_ARC = YES;
				CLANG_ENABLE_OBJC_WEAK = YES;
				CLANG_WARN_BLOCK_CAPTURE_AUTORELEASING = YES;
				CLANG_WARN_BOOL_CONVERSION = YES;
				CLANG_WARN_COMMA = YES;
				CLANG_WARN_CONSTANT_CONVERSION = YES;
				CLANG_WARN_DEPRECATED_OBJC_IMPLEMENTATIONS = YES;
				CLANG_WARN_DIRECT_OBJC_ISA_USAGE = YES_ERROR;
				CLANG_WARN_DOCUMENTATION_COMMENTS = YES;
				CLANG_WARN_EMPTY_BODY = YES;
				CLANG_WARN_ENUM_CONVERSION = YES;
				CLANG_WARN_INFINITE_RECURSION = YES;
				CLANG_WARN_INT_CONVERSION = YES;
				CLANG_WARN_NON_LITERAL_NULL_CONVERSION = YES;
				CLANG_WARN_OBJC_IMPLICIT_RETAIN_SELF = YES;
				CLANG_WARN_OBJC_LITERAL_CONVERSION = YES;
				CLANG_WARN_OBJC_ROOT_CLASS = YES_ERROR;
				CLANG_WARN_QUOTED_INCLUDE_IN_FRAMEWORK_HEADER = YES;
				CLANG_WARN_RANGE_LOOP_ANALYSIS = YES;
				CLANG_WARN_STRICT_PROTOTYPES = YES;
				CLANG_WARN_SUSPICIOUS_MOVE = YES;
				CLANG_WARN_UNGUARDED_AVAILABILITY = YES_AGGRESSIVE;
				CLANG_WARN_UNREACHABLE_CODE = YES;
				CLANG_WARN__DUPLICATE_METHOD_MATCH = YES;
				COPY_PHASE_STRIP = NO;
				DEBUG_INFORMATION_FORMAT = dwarf;
				DEVELOPMENT_TEAM = K2D94U4FZT;
				ENABLE_STRICT_OBJC_MSGSEND = YES;
				ENABLE_TESTABILITY = YES;
				ENABLE_USER_SCRIPT_SANDBOXING = YES;
				GCC_C_LANGUAGE_STANDARD = gnu17;
				GCC_DYNAMIC_NO_PIC = NO;
				GCC_NO_COMMON_BLOCKS = YES;
				GCC_OPTIMIZATION_LEVEL = 0;
				GCC_PREPROCESSOR_DEFINITIONS = (
					"DEBUG=1",
					"$(inherited)",
				);
				GCC_WARN_64_TO_32_BIT_CONVERSION = YES;
				GCC_WARN_ABOUT_RETURN_TYPE = YES_ERROR;
				GCC_WARN_UNDECLARED_SELECTOR = YES;
				GCC_WARN_UNINITIALIZED_AUTOS = YES_AGGRESSIVE;
				GCC_WARN_UNUSED_FUNCTION = YES;
				GCC_WARN_UNUSED_VARIABLE = YES;
				IPHONEOS_DEPLOYMENT_TARGET = 18.5;
				LOCALIZATION_PREFERS_STRING_CATALOGS = YES;
				MTL_ENABLE_DEBUG_INFO = INCLUDE_SOURCE;
				MTL_FAST_MATH = YES;
				ONLY_ACTIVE_ARCH = YES;
				SDKROOT = iphoneos;
				STRING_CATALOG_GENERATE_SYMBOLS = YES;
				SWIFT_ACTIVE_COMPILATION_CONDITIONS = "DEBUG $(inherited)";
				SWIFT_OPTIMIZATION_LEVEL = "-Onone";
			};
			name = Debug;
		};
		1D11BAEA2E6A31F700B28485 /* Release */ = {
			isa = XCBuildConfiguration;
			buildSettings = {
				ALWAYS_SEARCH_USER_PATHS = NO;
				ASSETCATALOG_COMPILER_GENERATE_SWIFT_ASSET_SYMBOL_EXTENSIONS = YES;
				CLANG_ANALYZER_NONNULL = YES;
				CLANG_ANALYZER_NUMBER_OBJECT_CONVERSION = YES_AGGRESSIVE;
				CLANG_CXX_LANGUAGE_STANDARD = "gnu++20";
				CLANG_ENABLE_MODULES = YES;
				CLANG_ENABLE_OBJC_ARC = YES;
				CLANG_ENABLE_OBJC_WEAK = YES;
				CLANG_WARN_BLOCK_CAPTURE_AUTORELEASING = YES;
				CLANG_WARN_BOOL_CONVERSION = YES;
				CLANG_WARN_COMMA = YES;
				CLANG_WARN_CONSTANT_CONVERSION = YES;
				CLANG_WARN_DEPRECATED_OBJC_IMPLEMENTATIONS = YES;
				CLANG_WARN_DIRECT_OBJC_ISA_USAGE = YES_ERROR;
				CLANG_WARN_DOCUMENTATION_COMMENTS = YES;
				CLANG_WARN_EMPTY_BODY = YES;
				CLANG_WARN_ENUM_CONVERSION = YES;
				CLANG_WARN_INFINITE_RECURSION = YES;
				CLANG_WARN_INT_CONVERSION = YES;
				CLANG_WARN_NON_LITERAL_NULL_CONVERSION = YES;
				CLANG_WARN_OBJC_IMPLICIT_RETAIN_SELF = YES;
				CLANG_WARN_OBJC_LITERAL_CONVERSION = YES;
				CLANG_WARN_OBJC_ROOT_CLASS = YES_ERROR;
				CLANG_WARN_QUOTED_INCLUDE_IN_FRAMEWORK_HEADER = YES;
				CLANG_WARN_RANGE_LOOP_ANALYSIS = YES;
				CLANG_WARN_STRICT_PROTOTYPES = YES;
				CLANG_WARN_SUSPICIOUS_MOVE = YES;
				CLANG_WARN_UNGUARDED_AVAILABILITY = YES_AGGRESSIVE;
				CLANG_WARN_UNREACHABLE_CODE = YES;
				CLANG_WARN__DUPLICATE_METHOD_MATCH = YES;
				COPY_PHASE_STRIP = NO;
				DEBUG_INFORMATION_FORMAT = "dwarf-with-dsym";
				DEVELOPMENT_TEAM = K2D94U4FZT;
				ENABLE_NS_ASSERTIONS = NO;
				ENABLE_STRICT_OBJC_MSGSEND = YES;
				ENABLE_USER_SCRIPT_SANDBOXING = YES;
				GCC_C_LANGUAGE_STANDARD = gnu17;
				GCC_NO_COMMON_BLOCKS = YES;
				GCC_WARN_64_TO_32_BIT_CONVERSION = YES;
				GCC_WARN_ABOUT_RETURN_TYPE = YES_ERROR;
				GCC_WARN_UNDECLARED_SELECTOR = YES;
				GCC_WARN_UNINITIALIZED_AUTOS = YES_AGGRESSIVE;
				GCC_WARN_UNUSED_FUNCTION = YES;
				GCC_WARN_UNUSED_VARIABLE = YES;
				IPHONEOS_DEPLOYMENT_TARGET = 18.5;
				LOCALIZATION_PREFERS_STRING_CATALOGS = YES;
				MTL_ENABLE_DEBUG_INFO = NO;
				MTL_FAST_MATH = YES;
				SDKROOT = iphoneos;
				STRING_CATALOG_GENERATE_SYMBOLS = YES;
				SWIFT_COMPILATION_MODE = wholemodule;
				VALIDATE_PRODUCT = YES;
			};
			name = Release;
		};
		1D11BAEC2E6A31F700B28485 /* Debug */ = {
			isa = XCBuildConfiguration;
			buildSettings = {
				ASSETCATALOG_COMPILER_APPICON_NAME = AppIcon;
				ASSETCATALOG_COMPILER_GLOBAL_ACCENT_COLOR_NAME = AccentColor;
				CODE_SIGN_STYLE = Automatic;
				CURRENT_PROJECT_VERSION = 1;
				DEVELOPMENT_TEAM = K2D94U4FZT;
				ENABLE_PREVIEWS = YES;
				GENERATE_INFOPLIST_FILE = YES;
				INFOPLIST_KEY_NSCameraUsageDescription = "This app needs camera access to detect blinks for chess moves.";
				INFOPLIST_KEY_NSMicrophoneUsageDescription = "This app requires microphone access to listen to your voice commands.";
				INFOPLIST_KEY_NSSpeechRecognitionUsageDescription = "This app requires speech recognition to allow voice commands for chess moves.";
				INFOPLIST_KEY_UIApplicationSceneManifest_Generation = YES;
				INFOPLIST_KEY_UIApplicationSupportsIndirectInputEvents = YES;
				INFOPLIST_KEY_UILaunchScreen_Generation = YES;
				INFOPLIST_KEY_UISupportedInterfaceOrientations_iPad = "UIInterfaceOrientationPortrait UIInterfaceOrientationPortraitUpsideDown UIInterfaceOrientationLandscapeLeft UIInterfaceOrientationLandscapeRight";
				INFOPLIST_KEY_UISupportedInterfaceOrientations_iPhone = "UIInterfaceOrientationPortrait UIInterfaceOrientationLandscapeLeft UIInterfaceOrientationLandscapeRight";
				LD_RUNPATH_SEARCH_PATHS = (
					"$(inherited)",
					"@executable_path/Frameworks",
				);
				MARKETING_VERSION = 1.0;
				PRODUCT_BUNDLE_IDENTIFIER = com.chrismarquez.VoiceChess;
				PRODUCT_NAME = "$(TARGET_NAME)";
				SWIFT_EMIT_LOC_STRINGS = YES;
				SWIFT_VERSION = 5.0;
				TARGETED_DEVICE_FAMILY = "1,2";
			};
			name = Debug;
		};
		1D11BAED2E6A31F700B28485 /* Release */ = {
			isa = XCBuildConfiguration;
			buildSettings = {
				ASSETCATALOG_COMPILER_APPICON_NAME = AppIcon;
				ASSETCATALOG_COMPILER_GLOBAL_ACCENT_COLOR_NAME = AccentColor;
				CODE_SIGN_STYLE = Automatic;
				CURRENT_PROJECT_VERSION = 1;
				DEVELOPMENT_TEAM = K2D94U4FZT;
				ENABLE_PREVIEWS = YES;
				GENERATE_INFOPLIST_FILE = YES;
				INFOPLIST_KEY_NSCameraUsageDescription = "This app needs camera access to detect blinks for chess moves.";
				INFOPLIST_KEY_NSMicrophoneUsageDescription = "This app requires microphone access to listen to your voice commands.";
				INFOPLIST_KEY_NSSpeechRecognitionUsageDescription = "This app requires speech recognition to allow voice commands for chess moves.";
				INFOPLIST_KEY_UIApplicationSceneManifest_Generation = YES;
				INFOPLIST_KEY_UIApplicationSupportsIndirectInputEvents = YES;
				INFOPLIST_KEY_UILaunchScreen_Generation = YES;
				INFOPLIST_KEY_UISupportedInterfaceOrientations_iPad = "UIInterfaceOrientationPortrait UIInterfaceOrientationPortraitUpsideDown UIInterfaceOrientationLandscapeLeft UIInterfaceOrientationLandscapeRight";
				INFOPLIST_KEY_UISupportedInterfaceOrientations_iPhone = "UIInterfaceOrientationPortrait UIInterfaceOrientationLandscapeLeft UIInterfaceOrientationLandscapeRight";
				LD_RUNPATH_SEARCH_PATHS = (
					"$(inherited)",
					"@executable_path/Frameworks",
				);
				MARKETING_VERSION = 1.0;
				PRODUCT_BUNDLE_IDENTIFIER = com.chrismarquez.VoiceChess;
				PRODUCT_NAME = "$(TARGET_NAME)";
				SWIFT_EMIT_LOC_STRINGS = YES;
				SWIFT_VERSION = 5.0;
				TARGETED_DEVICE_FAMILY = "1,2";
			};
			name = Release;
		};
		1D11BAEF2E6A31F700B28485 /* Debug */ = {
			isa = XCBuildConfiguration;
			buildSettings = {
				BUNDLE_LOADER = "$(TEST_HOST)";
				CODE_SIGN_STYLE = Automatic;
				CURRENT_PROJECT_VERSION = 1;
				DEVELOPMENT_TEAM = K2D94U4FZT;
				GENERATE_INFOPLIST_FILE = YES;
				IPHONEOS_DEPLOYMENT_TARGET = 18.5;
				MARKETING_VERSION = 1.0;
				PRODUCT_BUNDLE_IDENTIFIER = com.chrismarquez.VoiceChessTests;
				PRODUCT_NAME = "$(TARGET_NAME)";
				SWIFT_EMIT_LOC_STRINGS = NO;
				SWIFT_VERSION = 5.0;
				TARGETED_DEVICE_FAMILY = "1,2";
				TEST_HOST = "$(BUILT_PRODUCTS_DIR)/VoiceChess.app/$(BUNDLE_EXECUTABLE_FOLDER_PATH)/VoiceChess";
			};
			name = Debug;
		};
		1D11BAF02E6A31F700B28485 /* Release */ = {
			isa = XCBuildConfiguration;
			buildSettings = {
				BUNDLE_LOADER = "$(TEST_HOST)";
				CODE_SIGN_STYLE = Automatic;
				CURRENT_PROJECT_VERSION = 1;
				DEVELOPMENT_TEAM = K2D94U4FZT;
				GENERATE_INFOPLIST_FILE = YES;
				IPHONEOS_DEPLOYMENT_TARGET = 18.5;
				MARKETING_VERSION = 1.0;
				PRODUCT_BUNDLE_IDENTIFIER = com.chrismarquez.VoiceChessTests;
				PRODUCT_NAME = "$(TARGET_NAME)";
				SWIFT_EMIT_LOC_STRINGS = NO;
				SWIFT_VERSION = 5.0;
				TARGETED_DEVICE_FAMILY = "1,2";
				TEST_HOST = "$(BUILT_PRODUCTS_DIR)/VoiceChess.app/$(BUNDLE_EXECUTABLE_FOLDER_PATH)/VoiceChess";
			};
			name = Release;
		};
		1D11BAF22E6A31F700B28485 /* Debug */ = {
			isa = XCBuildConfiguration;
			buildSettings = {
				CODE_SIGN_STYLE = Automatic;
				CURRENT_PROJECT_VERSION = 1;
				DEVELOPMENT_TEAM = K2D94U4FZT;
				GENERATE_INFOPLIST_FILE = YES;
				MARKETING_VERSION = 1.0;
				PRODUCT_BUNDLE_IDENTIFIER = com.chrismarquez.VoiceChessUITests;
				PRODUCT_NAME = "$(TARGET_NAME)";
				SWIFT_EMIT_LOC_STRINGS = NO;
				SWIFT_VERSION = 5.0;
				TARGETED_DEVICE_FAMILY = "1,2";
				TEST_TARGET_NAME = VoiceChess;
			};
			name = Debug;
		};
		1D11BAF32E6A31F700B28485 /* Release */ = {
			isa = XCBuildConfiguration;
			buildSettings = {
				CODE_SIGN_STYLE = Automatic;
				CURRENT_PROJECT_VERSION = 1;
				DEVELOPMENT_TEAM = K2D94U4FZT;
				GENERATE_INFOPLIST_FILE = YES;
				MARKETING_VERSION = 1.0;
				PRODUCT_BUNDLE_IDENTIFIER = com.chrismarquez.VoiceChessUITests;
				PRODUCT_NAME = "$(TARGET_NAME)";
				SWIFT_EMIT_LOC_STRINGS = NO;
				SWIFT_VERSION = 5.0;
				TARGETED_DEVICE_FAMILY = "1,2";
				TEST_TARGET_NAME = VoiceChess;
			};
			name = Release;
		};
/* End XCBuildConfiguration section */

/* Begin XCConfigurationList section */
		1D11BAC52E6A31F600B28485 /* Build configuration list for PBXProject "VoiceChess" */ = {
			isa = XCConfigurationList;
			buildConfigurations = (
				1D11BAE92E6A31F700B28485 /* Debug */,
				1D11BAEA2E6A31F700B28485 /* Release */,
			);
			defaultConfigurationIsVisible = 0;
			defaultConfigurationName = Release;
		};
		1D11BAEB2E6A31F700B28485 /* Build configuration list for PBXNativeTarget "VoiceChess" */ = {
			isa = XCConfigurationList;
			buildConfigurations = (
				1D11BAEC2E6A31F700B28485 /* Debug */,
				1D11BAED2E6A31F700B28485 /* Release */,
			);
			defaultConfigurationIsVisible = 0;
			defaultConfigurationName = Release;
		};
		1D11BAEE2E6A31F700B28485 /* Build configuration list for PBXNativeTarget "VoiceChessTests" */ = {
			isa = XCConfigurationList;
			buildConfigurations = (
				1D11BAEF2E6A31F700B28485 /* Debug */,
				1D11BAF02E6A31F700B28485 /* Release */,
			);
			defaultConfigurationIsVisible = 0;
			defaultConfigurationName = Release;
		};
		1D11BAF12E6A31F700B28485 /* Build configuration list for PBXNativeTarget "VoiceChessUITests" */ = {
			isa = XCConfigurationList;
			buildConfigurations = (
				1D11BAF22E6A31F700B28485 /* Debug */,
				1D11BAF32E6A31F700B28485 /* Release */,
			);
			defaultConfigurationIsVisible = 0;
			defaultConfigurationName = Release;
		};
/* End XCConfigurationList section */

/* Begin XCRemoteSwiftPackageReference section */
		1D5DC9372E8362E70032BC3E /* XCRemoteSwiftPackageReference "chesskit-engine" */ = {
			isa = XCRemoteSwiftPackageReference;
			repositoryURL = "https://github.com/chesskit-app/chesskit-engine";
			requirement = {
				kind = upToNextMajorVersion;
				minimumVersion = 0.7.0;
			};
		};
		1DB4A3992E789836008BBB44 /* XCRemoteSwiftPackageReference "ChessboardKit" */ = {
			isa = XCRemoteSwiftPackageReference;
			repositoryURL = "https://github.com/swopnil/ChessboardKit.git";
			requirement = {
				kind = upToNextMajorVersion;
				minimumVersion = 1.0.4;
			};
		};
/* End XCRemoteSwiftPackageReference section */

/* Begin XCSwiftPackageProductDependency section */
		1D5DC9382E8362F60032BC3E /* ChessKitEngine */ = {
			isa = XCSwiftPackageProductDependency;
			package = 1D5DC9372E8362E70032BC3E /* XCRemoteSwiftPackageReference "chesskit-engine" */;
			productName = ChessKitEngine;
		};
		1DB4A39A2E78983C008BBB44 /* ChessboardKit */ = {
			isa = XCSwiftPackageProductDependency;
			package = 1DB4A3992E789836008BBB44 /* XCRemoteSwiftPackageReference "ChessboardKit" */;
			productName = ChessboardKit;
		};
/* End XCSwiftPackageProductDependency section */
	};
	rootObject = 1D11BAC22E6A31F600B28485 /* Project object */;
}
